
Microsoft Visual Studio Solution File, Format Version 12.00
# Visual Studio 15
Project("{FAE04EC0-301F-11D3-BF4B-00C04F79EFBC}") = "Assembly-CSharp", "Assembly-CSharp.csproj", "{63966931-5D25-5F78-4A4B-7D056C527646}"
EndProject
Project("{FAE04EC0-301F-11D3-BF4B-00C04F79EFBC}") = "Assembly-CSharp-Editor", "Assembly-CSharp-Editor.csproj", "{3C1A93C2-3F2E-0A7B-70E6-3BE969456C3F}"
EndProject
Global
	GlobalSection(SolutionConfigurationPlatforms) = preSolution
		Debug|Any CPU = Debug|Any CPU
		Release|Any CPU = Release|Any CPU
	EndGlobalSection
	GlobalSection(ProjectConfigurationPlatforms) = postSolution
		{63966931-5D25-5F78-4A4B-7D056C527646}.Debug|Any CPU.ActiveCfg = Debug|Any CPU
		{63966931-5D25-5F78-4A4B-7D056C527646}.Debug|Any CPU.Build.0 = Debug|Any CPU
		{63966931-5D25-5F78-4A4B-7D056C527646}.Release|Any CPU.ActiveCfg = Release|Any CPU
		{63966931-5D25-5F78-4A4B-7D056C527646}.Release|Any CPU.Build.0 = Release|Any CPU
		{3C1A93C2-3F2E-0A7B-70E6-3BE969456C3F}.Debug|Any CPU.ActiveCfg = Debug|Any CPU
		{3C1A93C2-3F2E-0A7B-70E6-3BE969456C3F}.Debug|Any CPU.Build.0 = Debug|Any CPU
		{3C1A93C2-3F2E-0A7B-70E6-3BE969456C3F}.Release|Any CPU.ActiveCfg = Release|Any CPU
		{3C1A93C2-3F2E-0A7B-70E6-3BE969456C3F}.Release|Any CPU.Build.0 = Release|Any CPU
	EndGlobalSection
	GlobalSection(SolutionProperties) = preSolution
		HideSolutionNode = FALSE
	EndGlobalSection
EndGlobal
